
Microsoft Visual Studio Solution File, Format Version 12.00
# Visual Studio 15
VisualStudioVersion = 15.0.26730.15
MinimumVisualStudioVersion = 10.0.40219.1
Project("{FAE04EC0-301F-11D3-BF4B-00C04F79EFBC}") = "Blockchain.Lib", "Blockchain.Lib\Blockchain.Lib.csproj", "{6CBB47E2-E316-4383-BD61-D70EB7D6A0D7}"
EndProject
Project("{FAE04EC0-301F-11D3-BF4B-00C04F79EFBC}") = "Blockchain.API", "Blockchain.API\Blockchain.API.csproj", "{AFDDCE9E-C158-4CD5-A9B5-881D3863C7CC}"
EndProject
Global
	GlobalSection(SolutionConfigurationPlatforms) = preSolution
		Debug|Any CPU = Debug|Any CPU
		Release|Any CPU = Release|Any CPU
	EndGlobalSection
	GlobalSection(ProjectConfigurationPlatforms) = postSolution
		{6CBB47E2-E316-4383-BD61-D70EB7D6A0D7}.Debug|Any CPU.ActiveCfg = Debug|Any CPU
		{6CBB47E2-E316-4383-BD61-D70EB7D6A0D7}.Debug|Any CPU.Build.0 = Debug|Any CPU
		{6CBB47E2-E316-4383-BD61-D70EB7D6A0D7}.Release|Any CPU.ActiveCfg = Release|Any CPU
		{6CBB47E2-E316-4383-BD61-D70EB7D6A0D7}.Release|Any CPU.Build.0 = Release|Any CPU
		{AFDDCE9E-C158-4CD5-A9B5-881D3863C7CC}.Debug|Any CPU.ActiveCfg = Debug|Any CPU
		{AFDDCE9E-C158-4CD5-A9B5-881D3863C7CC}.Debug|Any CPU.Build.0 = Debug|Any CPU
		{AFDDCE9E-C158-4CD5-A9B5-881D3863C7CC}.Release|Any CPU.ActiveCfg = Release|Any CPU
		{AFDDCE9E-C158-4CD5-A9B5-881D3863C7CC}.Release|Any CPU.Build.0 = Release|Any CPU
	EndGlobalSection
	GlobalSection(SolutionProperties) = preSolution
		HideSolutionNode = FALSE
	EndGlobalSection
	GlobalSection(ExtensibilityGlobals) = postSolution
		SolutionGuid = {9EDC7917-55F8-4F57-8877-F1B3574A835B}
	EndGlobalSection
EndGlobal
